
Microsoft Visual Studio Solution File, Format Version 12.00
# Visual Studio 15
VisualStudioVersion = 15.0.26430.6
MinimumVisualStudioVersion = 10.0.40219.1
Project("{9A19103F-16F7-4668-BE54-9A1E7A4F7556}") = "kalev.MachineLearning.Core", "kalev.MachineLearning.Core\kalev.MachineLearning.Core.csproj", "{33CC74FE-C8B5-4B03-A9E2-7E1F3201B1E2}"
EndProject
Project("{FAE04EC0-301F-11D3-BF4B-00C04F79EFBC}") = "kalev.MachineLearning.Processors", "kalev.MachineLearning.Processors\kalev.MachineLearning.Processors.csproj", "{92289521-B44A-465A-A203-92FFCE1B4FD9}"
EndProject
Project("{FAE04EC0-301F-11D3-BF4B-00C04F79EFBC}") = "kalev.MachineLearning.Processors.Test", "kalev.MachineLearning.Processors.Test\kalev.MachineLearning.Processors.Test.csproj", "{C6E09AC4-1A24-4BD1-90E8-6EC701621915}"
EndProject
Global
	GlobalSection(SolutionConfigurationPlatforms) = preSolution
		Debug|Any CPU = Debug|Any CPU
		Release|Any CPU = Release|Any CPU
	EndGlobalSection
	GlobalSection(ProjectConfigurationPlatforms) = postSolution
		{33CC74FE-C8B5-4B03-A9E2-7E1F3201B1E2}.Debug|Any CPU.ActiveCfg = Debug|Any CPU
		{33CC74FE-C8B5-4B03-A9E2-7E1F3201B1E2}.Debug|Any CPU.Build.0 = Debug|Any CPU
		{33CC74FE-C8B5-4B03-A9E2-7E1F3201B1E2}.Release|Any CPU.ActiveCfg = Release|Any CPU
		{33CC74FE-C8B5-4B03-A9E2-7E1F3201B1E2}.Release|Any CPU.Build.0 = Release|Any CPU
		{92289521-B44A-465A-A203-92FFCE1B4FD9}.Debug|Any CPU.ActiveCfg = Debug|Any CPU
		{92289521-B44A-465A-A203-92FFCE1B4FD9}.Debug|Any CPU.Build.0 = Debug|Any CPU
		{92289521-B44A-465A-A203-92FFCE1B4FD9}.Release|Any CPU.ActiveCfg = Release|Any CPU
		{92289521-B44A-465A-A203-92FFCE1B4FD9}.Release|Any CPU.Build.0 = Release|Any CPU
		{C6E09AC4-1A24-4BD1-90E8-6EC701621915}.Debug|Any CPU.ActiveCfg = Debug|Any CPU
		{C6E09AC4-1A24-4BD1-90E8-6EC701621915}.Debug|Any CPU.Build.0 = Debug|Any CPU
		{C6E09AC4-1A24-4BD1-90E8-6EC701621915}.Release|Any CPU.ActiveCfg = Release|Any CPU
		{C6E09AC4-1A24-4BD1-90E8-6EC701621915}.Release|Any CPU.Build.0 = Release|Any CPU
	EndGlobalSection
	GlobalSection(SolutionProperties) = preSolution
		HideSolutionNode = FALSE
	EndGlobalSection
EndGlobal
